
Microsoft Visual Studio Solution File, Format Version 12.00
# Visual Studio Version 16
VisualStudioVersion = 16.0.31005.135
MinimumVisualStudioVersion = 10.0.40219.1
Project("{FAE04EC0-301F-11D3-BF4B-00C04F79EFBC}") = "IncreaseMaxWarpSpeed", "IncreaseMaxWarpSpeed.csproj", "{CC54EB62-A05C-4BB4-87C7-340E7681D51A}"
EndProject
Global
	GlobalSection(SolutionConfigurationPlatforms) = preSolution
		Debug|Any CPU = Debug|Any CPU
		Release|Any CPU = Release|Any CPU
	EndGlobalSection
	GlobalSection(ProjectConfigurationPlatforms) = postSolution
		{CC54EB62-A05C-4BB4-87C7-340E7681D51A}.Debug|Any CPU.ActiveCfg = Debug|Any CPU
		{CC54EB62-A05C-4BB4-87C7-340E7681D51A}.Debug|Any CPU.Build.0 = Debug|Any CPU
		{CC54EB62-A05C-4BB4-87C7-340E7681D51A}.Release|Any CPU.ActiveCfg = Release|Any CPU
		{CC54EB62-A05C-4BB4-87C7-340E7681D51A}.Release|Any CPU.Build.0 = Release|Any CPU
	EndGlobalSection
	GlobalSection(SolutionProperties) = preSolution
		HideSolutionNode = FALSE
	EndGlobalSection
	GlobalSection(ExtensibilityGlobals) = postSolution
		SolutionGuid = {59FBADA6-2881-41E6-A475-4E531B5494DC}
	EndGlobalSection
EndGlobal
